
Microsoft Visual Studio Solution File, Format Version 12.00
# Visual Studio Version 17
VisualStudioVersion = 17.3.32819.101
MinimumVisualStudioVersion = 10.0.40219.1
Project("{FAE04EC0-301F-11D3-BF4B-00C04F79EFBC}") = "NetCore6Routine.Domain", "NetCore6Routine.Domain\NetCore6Routine.Domain.csproj", "{81B040EF-AA56-4D2E-A69E-BBE40A99C807}"
EndProject
Project("{FAE04EC0-301F-11D3-BF4B-00C04F79EFBC}") = "NetCore6Routine.Infra.Data", "NetCore6Routine.Infra.Data\NetCore6Routine.Infra.Data.csproj", "{A41DDA32-6B43-46ED-A714-B544FC523B9C}"
EndProject
Project("{FAE04EC0-301F-11D3-BF4B-00C04F79EFBC}") = "NetCore6Routine.Infra.IoC", "NetCore6Routine.Infra.IoC\NetCore6Routine.Infra.IoC.csproj", "{9629CD79-213C-4B2D-B167-2DFB6BF2FC1F}"
EndProject
Project("{FAE04EC0-301F-11D3-BF4B-00C04F79EFBC}") = "NetCore6Routine.Services", "NetCore6Routine.Services\NetCore6Routine.Services.csproj", "{DB11A31A-AB8A-420E-9028-1BA380EE95D3}"
EndProject
Project("{FAE04EC0-301F-11D3-BF4B-00C04F79EFBC}") = "NetCore6Routine.App", "NetCore6Routine.App\NetCore6Routine.App.csproj", "{977EDA71-540C-4A65-9C41-4E80EA6F1EB6}"
EndProject
Project("{FAE04EC0-301F-11D3-BF4B-00C04F79EFBC}") = "NetCore6Routine.UnitTests", "NetCore6Routine.DomainTests\NetCore6Routine.UnitTests.csproj", "{D2BBD6A9-7AB5-4056-85FB-89A24122D2B5}"
EndProject
Global
	GlobalSection(SolutionConfigurationPlatforms) = preSolution
		Debug|Any CPU = Debug|Any CPU
		Release|Any CPU = Release|Any CPU
	EndGlobalSection
	GlobalSection(ProjectConfigurationPlatforms) = postSolution
		{81B040EF-AA56-4D2E-A69E-BBE40A99C807}.Debug|Any CPU.ActiveCfg = Debug|Any CPU
		{81B040EF-AA56-4D2E-A69E-BBE40A99C807}.Debug|Any CPU.Build.0 = Debug|Any CPU
		{81B040EF-AA56-4D2E-A69E-BBE40A99C807}.Release|Any CPU.ActiveCfg = Release|Any CPU
		{81B040EF-AA56-4D2E-A69E-BBE40A99C807}.Release|Any CPU.Build.0 = Release|Any CPU
		{A41DDA32-6B43-46ED-A714-B544FC523B9C}.Debug|Any CPU.ActiveCfg = Debug|Any CPU
		{A41DDA32-6B43-46ED-A714-B544FC523B9C}.Debug|Any CPU.Build.0 = Debug|Any CPU
		{A41DDA32-6B43-46ED-A714-B544FC523B9C}.Release|Any CPU.ActiveCfg = Release|Any CPU
		{A41DDA32-6B43-46ED-A714-B544FC523B9C}.Release|Any CPU.Build.0 = Release|Any CPU
		{9629CD79-213C-4B2D-B167-2DFB6BF2FC1F}.Debug|Any CPU.ActiveCfg = Debug|Any CPU
		{9629CD79-213C-4B2D-B167-2DFB6BF2FC1F}.Debug|Any CPU.Build.0 = Debug|Any CPU
		{9629CD79-213C-4B2D-B167-2DFB6BF2FC1F}.Release|Any CPU.ActiveCfg = Release|Any CPU
		{9629CD79-213C-4B2D-B167-2DFB6BF2FC1F}.Release|Any CPU.Build.0 = Release|Any CPU
		{DB11A31A-AB8A-420E-9028-1BA380EE95D3}.Debug|Any CPU.ActiveCfg = Debug|Any CPU
		{DB11A31A-AB8A-420E-9028-1BA380EE95D3}.Debug|Any CPU.Build.0 = Debug|Any CPU
		{DB11A31A-AB8A-420E-9028-1BA380EE95D3}.Release|Any CPU.ActiveCfg = Release|Any CPU
		{DB11A31A-AB8A-420E-9028-1BA380EE95D3}.Release|Any CPU.Build.0 = Release|Any CPU
		{977EDA71-540C-4A65-9C41-4E80EA6F1EB6}.Debug|Any CPU.ActiveCfg = Debug|Any CPU
		{977EDA71-540C-4A65-9C41-4E80EA6F1EB6}.Debug|Any CPU.Build.0 = Debug|Any CPU
		{977EDA71-540C-4A65-9C41-4E80EA6F1EB6}.Release|Any CPU.ActiveCfg = Release|Any CPU
		{977EDA71-540C-4A65-9C41-4E80EA6F1EB6}.Release|Any CPU.Build.0 = Release|Any CPU
		{D2BBD6A9-7AB5-4056-85FB-89A24122D2B5}.Debug|Any CPU.ActiveCfg = Debug|Any CPU
		{D2BBD6A9-7AB5-4056-85FB-89A24122D2B5}.Debug|Any CPU.Build.0 = Debug|Any CPU
		{D2BBD6A9-7AB5-4056-85FB-89A24122D2B5}.Release|Any CPU.ActiveCfg = Release|Any CPU
		{D2BBD6A9-7AB5-4056-85FB-89A24122D2B5}.Release|Any CPU.Build.0 = Release|Any CPU
	EndGlobalSection
	GlobalSection(SolutionProperties) = preSolution
		HideSolutionNode = FALSE
	EndGlobalSection
	GlobalSection(ExtensibilityGlobals) = postSolution
		SolutionGuid = {223D14AF-FF82-4904-BD61-DDDAF2305658}
	EndGlobalSection
EndGlobal
